
Microsoft Visual Studio Solution File, Format Version 12.00
# Visual Studio 15
VisualStudioVersion = 15.0.28010.0
MinimumVisualStudioVersion = 10.0.40219.1
Project("{FAE04EC0-301F-11D3-BF4B-00C04F79EFBC}") = "WindowsFormsApp1", "WindowsFormsApp1\WindowsFormsApp1.csproj", "{AC3741FA-5A95-4773-BAEE-A8BB5EFE5B2A}"
EndProject
Global
	GlobalSection(SolutionConfigurationPlatforms) = preSolution
		Debug|Any CPU = Debug|Any CPU
		Release|Any CPU = Release|Any CPU
	EndGlobalSection
	GlobalSection(ProjectConfigurationPlatforms) = postSolution
		{AC3741FA-5A95-4773-BAEE-A8BB5EFE5B2A}.Debug|Any CPU.ActiveCfg = Debug|Any CPU
		{AC3741FA-5A95-4773-BAEE-A8BB5EFE5B2A}.Debug|Any CPU.Build.0 = Debug|Any CPU
		{AC3741FA-5A95-4773-BAEE-A8BB5EFE5B2A}.Release|Any CPU.ActiveCfg = Release|Any CPU
		{AC3741FA-5A95-4773-BAEE-A8BB5EFE5B2A}.Release|Any CPU.Build.0 = Release|Any CPU
	EndGlobalSection
	GlobalSection(SolutionProperties) = preSolution
		HideSolutionNode = FALSE
	EndGlobalSection
	GlobalSection(ExtensibilityGlobals) = postSolution
		SolutionGuid = {391EC8A1-F030-4D77-8986-192240A6D04E}
	EndGlobalSection
EndGlobal
